github.com/jessevdk/go-flags v1.4.0 h1:4IU2WS7AumrZ/40jfhf4QVDMsQwqA7VEHozFRrGARJA=
github.com/jessevdk/go-flags v1.4.0/go.mod h1:4FA24M0QyGHXBuZZK/XkWh8h0e1EYbRYJSGM75WSRxI=
github.com/kazeburo/followparser v0.0.6 h1:f799dcLUPHRQUmYU2cQmqywgm+FRRUc33nfK7pT+Sn0=
github.com/kazeburo/followparser v0.0.6/go.mod h1:90nHTdNwrlVaBZ3zeIiigC8ujelrozDRvEQELsQ1C+4=
